
Microsoft Visual Studio Solution File, Format Version 12.00
# Visual Studio Version 17
VisualStudioVersion = 17.4.33213.308
MinimumVisualStudioVersion = 10.0.40219.1
Project("{FAE04EC0-301F-11D3-BF4B-00C04F79EFBC}") = "Lab.6_2", "Lab.6_2.csproj", "{A94928E7-53F3-4208-8E61-CB44F2D009B2}"
EndProject
Global
	GlobalSection(SolutionConfigurationPlatforms) = preSolution
		Debug|Any CPU = Debug|Any CPU
		Release|Any CPU = Release|Any CPU
	EndGlobalSection
	GlobalSection(ProjectConfigurationPlatforms) = postSolution
		{A94928E7-53F3-4208-8E61-CB44F2D009B2}.Debug|Any CPU.ActiveCfg = Debug|Any CPU
		{A94928E7-53F3-4208-8E61-CB44F2D009B2}.Debug|Any CPU.Build.0 = Debug|Any CPU
		{A94928E7-53F3-4208-8E61-CB44F2D009B2}.Release|Any CPU.ActiveCfg = Release|Any CPU
		{A94928E7-53F3-4208-8E61-CB44F2D009B2}.Release|Any CPU.Build.0 = Release|Any CPU
	EndGlobalSection
	GlobalSection(SolutionProperties) = preSolution
		HideSolutionNode = FALSE
	EndGlobalSection
	GlobalSection(ExtensibilityGlobals) = postSolution
		SolutionGuid = {1DE42173-CA4A-48F2-862F-A653F61E5DBE}
	EndGlobalSection
EndGlobal
